
Microsoft Visual Studio Solution File, Format Version 12.00
# Visual Studio Version 16
VisualStudioVersion = 16.0.32901.82
MinimumVisualStudioVersion = 10.0.40219.1
Project("{FAE04EC0-301F-11D3-BF4B-00C04F79EFBC}") = "WebApplication1", "WebApplication1\WebApplication1.csproj", "{9DD0925F-95EB-490F-B549-A5930BD3C07A}"
EndProject
Global
	GlobalSection(SolutionConfigurationPlatforms) = preSolution
		Debug|Any CPU = Debug|Any CPU
		Release|Any CPU = Release|Any CPU
	EndGlobalSection
	GlobalSection(ProjectConfigurationPlatforms) = postSolution
		{9DD0925F-95EB-490F-B549-A5930BD3C07A}.Debug|Any CPU.ActiveCfg = Debug|Any CPU
		{9DD0925F-95EB-490F-B549-A5930BD3C07A}.Debug|Any CPU.Build.0 = Debug|Any CPU
		{9DD0925F-95EB-490F-B549-A5930BD3C07A}.Release|Any CPU.ActiveCfg = Release|Any CPU
		{9DD0925F-95EB-490F-B549-A5930BD3C07A}.Release|Any CPU.Build.0 = Release|Any CPU
	EndGlobalSection
	GlobalSection(SolutionProperties) = preSolution
		HideSolutionNode = FALSE
	EndGlobalSection
	GlobalSection(ExtensibilityGlobals) = postSolution
		SolutionGuid = {773DFACF-6961-4A76-98AB-44DAAA8BB563}
	EndGlobalSection
EndGlobal
